
Microsoft Visual Studio Solution File, Format Version 12.00
# Visual Studio Version 16
VisualStudioVersion = 16.0.29509.3
MinimumVisualStudioVersion = 10.0.40219.1
Project("{FAE04EC0-301F-11D3-BF4B-00C04F79EFBC}") = "FootballManagerApp3_1.Data", "FootballManagerApp3_1.Data\FootballManagerApp3_1.Data.csproj", "{965969C3-0A27-4539-B885-EF7C3455904C}"
EndProject
Project("{FAE04EC0-301F-11D3-BF4B-00C04F79EFBC}") = "FootballManagerApp3_1.Domain", "FootballManagerApp3_1.Domain\FootballManagerApp3_1.Domain.csproj", "{6AD83890-0C14-4ADD-B603-5EFD99186BCD}"
EndProject
Project("{FAE04EC0-301F-11D3-BF4B-00C04F79EFBC}") = "FootballManagerApp3_1.ConsolApp", "FootballManagerApp3_1.ConsolApp\FootballManagerApp3_1.ConsolApp.csproj", "{2389ABA6-1CAB-4268-A9A8-CE8632158010}"
EndProject
Project("{FAE04EC0-301F-11D3-BF4B-00C04F79EFBC}") = "Tests", "Tests\Tests.csproj", "{E026B13F-8FEB-4A61-9AFB-CC5E8B853697}"
EndProject
Global
	GlobalSection(SolutionConfigurationPlatforms) = preSolution
		Debug|Any CPU = Debug|Any CPU
		Release|Any CPU = Release|Any CPU
	EndGlobalSection
	GlobalSection(ProjectConfigurationPlatforms) = postSolution
		{965969C3-0A27-4539-B885-EF7C3455904C}.Debug|Any CPU.ActiveCfg = Debug|Any CPU
		{965969C3-0A27-4539-B885-EF7C3455904C}.Debug|Any CPU.Build.0 = Debug|Any CPU
		{965969C3-0A27-4539-B885-EF7C3455904C}.Release|Any CPU.ActiveCfg = Release|Any CPU
		{965969C3-0A27-4539-B885-EF7C3455904C}.Release|Any CPU.Build.0 = Release|Any CPU
		{6AD83890-0C14-4ADD-B603-5EFD99186BCD}.Debug|Any CPU.ActiveCfg = Debug|Any CPU
		{6AD83890-0C14-4ADD-B603-5EFD99186BCD}.Debug|Any CPU.Build.0 = Debug|Any CPU
		{6AD83890-0C14-4ADD-B603-5EFD99186BCD}.Release|Any CPU.ActiveCfg = Release|Any CPU
		{6AD83890-0C14-4ADD-B603-5EFD99186BCD}.Release|Any CPU.Build.0 = Release|Any CPU
		{2389ABA6-1CAB-4268-A9A8-CE8632158010}.Debug|Any CPU.ActiveCfg = Debug|Any CPU
		{2389ABA6-1CAB-4268-A9A8-CE8632158010}.Debug|Any CPU.Build.0 = Debug|Any CPU
		{2389ABA6-1CAB-4268-A9A8-CE8632158010}.Release|Any CPU.ActiveCfg = Release|Any CPU
		{2389ABA6-1CAB-4268-A9A8-CE8632158010}.Release|Any CPU.Build.0 = Release|Any CPU
		{E026B13F-8FEB-4A61-9AFB-CC5E8B853697}.Debug|Any CPU.ActiveCfg = Debug|Any CPU
		{E026B13F-8FEB-4A61-9AFB-CC5E8B853697}.Debug|Any CPU.Build.0 = Debug|Any CPU
		{E026B13F-8FEB-4A61-9AFB-CC5E8B853697}.Release|Any CPU.ActiveCfg = Release|Any CPU
		{E026B13F-8FEB-4A61-9AFB-CC5E8B853697}.Release|Any CPU.Build.0 = Release|Any CPU
	EndGlobalSection
	GlobalSection(SolutionProperties) = preSolution
		HideSolutionNode = FALSE
	EndGlobalSection
	GlobalSection(ExtensibilityGlobals) = postSolution
		SolutionGuid = {3FA08756-C480-465B-8D2D-B639BF599F4F}
	EndGlobalSection
EndGlobal
